github.com/MatthiasKunnen/go-wayland/wayland v0.0.0-20241205185933-0b62fca63ef3 h1:+Vv5ZGiP4cu4Vi7GC9z+lnjDk5tWdYCNcnpl9jYTcJ4=
github.com/MatthiasKunnen/go-wayland/wayland v0.0.0-20241205185933-0b62fca63ef3/go.mod h1:m4mfYYK4bSSuZhjEDatXdoEI6TYV1ZYX2otYrAvG8Uk=
golang.org/x/sys v0.0.0-20211117180635-dee7805ff2e1 h1:kwrAHlwJ0DUBZwQ238v+Uod/3eZ8B2K5rYsUHBQvzmI=
golang.org/x/sys v0.0.0-20211117180635-dee7805ff2e1/go.mod h1:oPkhp1MJrh7nUepCBck5+mAzfO9JrbApNNgaTdGDITg=
